// !$*UTF8*$!
{
	archiveVersion = 1;
	classes = {
	};
	objectVersion = 51;
	objects = {

/* Begin PBXBuildFile section */
		BE1FB85F995DD223D2AE782C /* Pods_MovieQuotes.framework in Frameworks */ = {isa = PBXBuildFile; fileRef = 24C4104D2A9C7B645C4654CF /* Pods_MovieQuotes.framework */; };
		F99CF50E25C8CC1800460B41 /* LoginViewController.swift in Sources */ = {isa = PBXBuildFile; fileRef = F99CF50D25C8CC1800460B41 /* LoginViewController.swift */; };
		F9BC4D2225A54F7F0018EB80 /* AppDelegate.swift in Sources */ = {isa = PBXBuildFile; fileRef = F9BC4D2125A54F7F0018EB80 /* AppDelegate.swift */; };
		F9BC4D2425A54F7F0018EB80 /* SceneDelegate.swift in Sources */ = {isa = PBXBuildFile; fileRef = F9BC4D2325A54F7F0018EB80 /* SceneDelegate.swift */; };
		F9BC4D2925A54F7F0018EB80 /* Main.storyboard in Resources */ = {isa = PBXBuildFile; fileRef = F9BC4D2725A54F7F0018EB80 /* Main.storyboard */; };
		F9BC4D2B25A54F820018EB80 /* Assets.xcassets in Resources */ = {isa = PBXBuildFile; fileRef = F9BC4D2A25A54F820018EB80 /* Assets.xcassets */; };
		F9BC4D2E25A54F820018EB80 /* LaunchScreen.storyboard in Resources */ = {isa = PBXBuildFile; fileRef = F9BC4D2C25A54F820018EB80 /* LaunchScreen.storyboard */; };
		F9C6686525BFDC0100E5E101 /* MovieQuotesTabTableViewController.swift in Sources */ = {isa = PBXBuildFile; fileRef = F9C6686425BFDC0100E5E101 /* MovieQuotesTabTableViewController.swift */; };
		F9C6686A25BFDE6800E5E101 /* MovieQuote.swift in Sources */ = {isa = PBXBuildFile; fileRef = F9C6686925BFDE6800E5E101 /* MovieQuote.swift */; };
		F9C6687425C0026200E5E101 /* MovieQuoteDetailViewController.swift in Sources */ = {isa = PBXBuildFile; fileRef = F9C6687325C0026200E5E101 /* MovieQuoteDetailViewController.swift */; };
		F9C6688125C160A200E5E101 /* GoogleService-Info.plist in Resources */ = {isa = PBXBuildFile; fileRef = F9C6688025C160A200E5E101 /* GoogleService-Info.plist */; };
/* End PBXBuildFile section */

/* Begin PBXFileReference section */
		24C4104D2A9C7B645C4654CF /* Pods_MovieQuotes.framework */ = {isa = PBXFileReference; explicitFileType = wrapper.framework; includeInIndex = 0; path = Pods_MovieQuotes.framework; sourceTree = BUILT_PRODUCTS_DIR; };
		451ACA0968D21888ABB832A2 /* Pods-MovieQuotes.release.xcconfig */ = {isa = PBXFileReference; includeInIndex = 1; lastKnownFileType = text.xcconfig; name = "Pods-MovieQuotes.release.xcconfig"; path = "Target Support Files/Pods-MovieQuotes/Pods-MovieQuotes.release.xcconfig"; sourceTree = "<group>"; };
		4EB5856E4C0A352D24DF7D6A /* Pods-MovieQuotes.debug.xcconfig */ = {isa = PBXFileReference; includeInIndex = 1; lastKnownFileType = text.xcconfig; name = "Pods-MovieQuotes.debug.xcconfig"; path = "Target Support Files/Pods-MovieQuotes/Pods-MovieQuotes.debug.xcconfig"; sourceTree = "<group>"; };
		F99CF50D25C8CC1800460B41 /* LoginViewController.swift */ = {isa = PBXFileReference; lastKnownFileType = sourcecode.swift; path = LoginViewController.swift; sourceTree = "<group>"; };
		F9BC4D1E25A54F7F0018EB80 /* MovieQuotes.app */ = {isa = PBXFileReference; explicitFileType = wrapper.application; includeInIndex = 0; path = MovieQuotes.app; sourceTree = BUILT_PRODUCTS_DIR; };
		F9BC4D2125A54F7F0018EB80 /* AppDelegate.swift */ = {isa = PBXFileReference; lastKnownFileType = sourcecode.swift; path = AppDelegate.swift; sourceTree = "<group>"; };
		F9BC4D2325A54F7F0018EB80 /* SceneDelegate.swift */ = {isa = PBXFileReference; lastKnownFileType = sourcecode.swift; path = SceneDelegate.swift; sourceTree = "<group>"; };
		F9BC4D2825A54F7F0018EB80 /* Base */ = {isa = PBXFileReference; lastKnownFileType = file.storyboard; name = Base; path = Base.lproj/Main.storyboard; sourceTree = "<group>"; };
		F9BC4D2A25A54F820018EB80 /* Assets.xcassets */ = {isa = PBXFileReference; lastKnownFileType = folder.assetcatalog; path = Assets.xcassets; sourceTree = "<group>"; };
		F9BC4D2D25A54F820018EB80 /* Base */ = {isa = PBXFileReference; lastKnownFileType = file.storyboard; name = Base; path = Base.lproj/LaunchScreen.storyboard; sourceTree = "<group>"; };
		F9BC4D2F25A54F820018EB80 /* Info.plist */ = {isa = PBXFileReference; lastKnownFileType = text.plist.xml; path = Info.plist; sourceTree = "<group>"; };
		F9C6686425BFDC0100E5E101 /* MovieQuotesTabTableViewController.swift */ = {isa = PBXFileReference; lastKnownFileType = sourcecode.swift; path = MovieQuotesTabTableViewController.swift; sourceTree = "<group>"; };
		F9C6686925BFDE6800E5E101 /* MovieQuote.swift */ = {isa = PBXFileReference; lastKnownFileType = sourcecode.swift; path = MovieQuote.swift; sourceTree = "<group>"; };
		F9C6687325C0026200E5E101 /* MovieQuoteDetailViewController.swift */ = {isa = PBXFileReference; lastKnownFileType = sourcecode.swift; path = MovieQuoteDetailViewController.swift; sourceTree = "<group>"; };
		F9C6688025C160A200E5E101 /* GoogleService-Info.plist */ = {isa = PBXFileReference; fileEncoding = 4; lastKnownFileType = text.plist.xml; name = "GoogleService-Info.plist"; path = "../../../../Downloads/GoogleService-Info.plist"; sourceTree = "<group>"; };
/* End PBXFileReference section */

/* Begin PBXFrameworksBuildPhase section */
		F9BC4D1B25A54F7F0018EB80 /* Frameworks */ = {
			isa = PBXFrameworksBuildPhase;
			buildActionMask = 2147483647;
			files = (
				BE1FB85F995DD223D2AE782C /* Pods_MovieQuotes.framework in Frameworks */,
			);
			runOnlyForDeploymentPostprocessing = 0;
		};
/* End PBXFrameworksBuildPhase section */

/* Begin PBXGroup section */
		9DE0F59FD8C4F6567C402932 /* Pods */ = {
			isa = PBXGroup;
			children = (
				4EB5856E4C0A352D24DF7D6A /* Pods-MovieQuotes.debug.xcconfig */,
				451ACA0968D21888ABB832A2 /* Pods-MovieQuotes.release.xcconfig */,
			);
			path = Pods;
			sourceTree = "<group>";
		};
		A659771CD51E443AF6D85672 /* Frameworks */ = {
			isa = PBXGroup;
			children = (
				24C4104D2A9C7B645C4654CF /* Pods_MovieQuotes.framework */,
			);
			name = Frameworks;
			sourceTree = "<group>";
		};
		F9BC4D1525A54F7F0018EB80 = {
			isa = PBXGroup;
			children = (
				F9BC4D2025A54F7F0018EB80 /* MovieQuotes */,
				F9BC4D1F25A54F7F0018EB80 /* Products */,
				A659771CD51E443AF6D85672 /* Frameworks */,
				9DE0F59FD8C4F6567C402932 /* Pods */,
			);
			sourceTree = "<group>";
		};
		F9BC4D1F25A54F7F0018EB80 /* Products */ = {
			isa = PBXGroup;
			children = (
				F9BC4D1E25A54F7F0018EB80 /* MovieQuotes.app */,
			);
			name = Products;
			sourceTree = "<group>";
		};
		F9BC4D2025A54F7F0018EB80 /* MovieQuotes */ = {
			isa = PBXGroup;
			children = (
				F9C6688025C160A200E5E101 /* GoogleService-Info.plist */,
				F9BC4D2125A54F7F0018EB80 /* AppDelegate.swift */,
				F9BC4D2325A54F7F0018EB80 /* SceneDelegate.swift */,
				F9C6686425BFDC0100E5E101 /* MovieQuotesTabTableViewController.swift */,
				F9BC4D2725A54F7F0018EB80 /* Main.storyboard */,
				F9BC4D2A25A54F820018EB80 /* Assets.xcassets */,
				F9BC4D2C25A54F820018EB80 /* LaunchScreen.storyboard */,
				F9BC4D2F25A54F820018EB80 /* Info.plist */,
				F9C6686925BFDE6800E5E101 /* MovieQuote.swift */,
				F9C6687325C0026200E5E101 /* MovieQuoteDetailViewController.swift */,
				F99CF50D25C8CC1800460B41 /* LoginViewController.swift */,
			);
			path = MovieQuotes;
			sourceTree = "<group>";
		};
/* End PBXGroup section */

/* Begin PBXNativeTarget section */
		F9BC4D1D25A54F7F0018EB80 /* MovieQuotes */ = {
			isa = PBXNativeTarget;
			buildConfigurationList = F9BC4D3225A54F820018EB80 /* Build configuration list for PBXNativeTarget "MovieQuotes" */;
			buildPhases = (
				F43ADF5A46627DB0D4D7E9FC /* [CP] Check Pods Manifest.lock */,
				F9BC4D1A25A54F7F0018EB80 /* Sources */,
				F9BC4D1B25A54F7F0018EB80 /* Frameworks */,
				F9BC4D1C25A54F7F0018EB80 /* Resources */,
				BD890DE5F02B5C2AB4656DF2 /* [CP] Embed Pods Frameworks */,
				776944553038F3B99B0D0771 /* [CP] Copy Pods Resources */,
			);
			buildRules = (
			);
			dependencies = (
			);
			name = MovieQuotes;
			productName = MovieQuotes;
			productReference = F9BC4D1E25A54F7F0018EB80 /* MovieQuotes.app */;
			productType = "com.apple.product-type.application";
		};
/* End PBXNativeTarget section */

/* Begin PBXProject section */
		F9BC4D1625A54F7F0018EB80 /* Project object */ = {
			isa = PBXProject;
			attributes = {
				LastSwiftUpdateCheck = 1230;
				LastUpgradeCheck = 1230;
				TargetAttributes = {
					F9BC4D1D25A54F7F0018EB80 = {
						CreatedOnToolsVersion = 12.3;
					};
				};
			};
			buildConfigurationList = F9BC4D1925A54F7F0018EB80 /* Build configuration list for PBXProject "MovieQuotes" */;
			compatibilityVersion = "Xcode 9.3";
			developmentRegion = en;
			hasScannedForEncodings = 0;
			knownRegions = (
				en,
				Base,
			);
			mainGroup = F9BC4D1525A54F7F0018EB80;
			productRefGroup = F9BC4D1F25A54F7F0018EB80 /* Products */;
			projectDirPath = "";
			projectRoot = "";
			targets = (
				F9BC4D1D25A54F7F0018EB80 /* MovieQuotes */,
			);
		};
/* End PBXProject section */

/* Begin PBXResourcesBuildPhase section */
		F9BC4D1C25A54F7F0018EB80 /* Resources */ = {
			isa = PBXResourcesBuildPhase;
			buildActionMask = 2147483647;
			files = (
				F9BC4D2E25A54F820018EB80 /* LaunchScreen.storyboard in Resources */,
				F9C6688125C160A200E5E101 /* GoogleService-Info.plist in Resources */,
				F9BC4D2B25A54F820018EB80 /* Assets.xcassets in Resources */,
				F9BC4D2925A54F7F0018EB80 /* Main.storyboard in Resources */,
			);
			runOnlyForDeploymentPostprocessing = 0;
		};
/* End PBXResourcesBuildPhase section */

/* Begin PBXShellScriptBuildPhase section */
		776944553038F3B99B0D0771 /* [CP] Copy Pods Resources */ = {
			isa = PBXShellScriptBuildPhase;
			buildActionMask = 2147483647;
			files = (
			);
			inputFileListPaths = (
				"${PODS_ROOT}/Target Support Files/Pods-MovieQuotes/Pods-MovieQuotes-resources-${CONFIGURATION}-input-files.xcfilelist",
			);
			name = "[CP] Copy Pods Resources";
			outputFileListPaths = (
				"${PODS_ROOT}/Target Support Files/Pods-MovieQuotes/Pods-MovieQuotes-resources-${CONFIGURATION}-output-files.xcfilelist",
			);
			runOnlyForDeploymentPostprocessing = 0;
			shellPath = /bin/sh;
			shellScript = "\"${PODS_ROOT}/Target Support Files/Pods-MovieQuotes/Pods-MovieQuotes-resources.sh\"\n";
			showEnvVarsInLog = 0;
		};
		BD890DE5F02B5C2AB4656DF2 /* [CP] Embed Pods Frameworks */ = {
			isa = PBXShellScriptBuildPhase;
			buildActionMask = 2147483647;
			files = (
			);
			inputFileListPaths = (
				"${PODS_ROOT}/Target Support Files/Pods-MovieQuotes/Pods-MovieQuotes-frameworks-${CONFIGURATION}-input-files.xcfilelist",
			);
			name = "[CP] Embed Pods Frameworks";
			outputFileListPaths = (
				"${PODS_ROOT}/Target Support Files/Pods-MovieQuotes/Pods-MovieQuotes-frameworks-${CONFIGURATION}-output-files.xcfilelist",
			);
			runOnlyForDeploymentPostprocessing = 0;
			shellPath = /bin/sh;
			shellScript = "\"${PODS_ROOT}/Target Support Files/Pods-MovieQuotes/Pods-MovieQuotes-frameworks.sh\"\n";
			showEnvVarsInLog = 0;
		};
		F43ADF5A46627DB0D4D7E9FC /* [CP] Check Pods Manifest.lock */ = {
			isa = PBXShellScriptBuildPhase;
			buildActionMask = 2147483647;
			files = (
			);
			inputFileListPaths = (
			);
			inputPaths = (
				"${PODS_PODFILE_DIR_PATH}/Podfile.lock",
				"${PODS_ROOT}/Manifest.lock",
			);
			name = "[CP] Check Pods Manifest.lock";
			outputFileListPaths = (
			);
			outputPaths = (
				"$(DERIVED_FILE_DIR)/Pods-MovieQuotes-checkManifestLockResult.txt",
			);
			runOnlyForDeploymentPostprocessing = 0;
			shellPath = /bin/sh;
			shellScript = "diff \"${PODS_PODFILE_DIR_PATH}/Podfile.lock\" \"${PODS_ROOT}/Manifest.lock\" > /dev/null\nif [ $? != 0 ] ; then\n    # print error to STDERR\n    echo \"error: The sandbox is not in sync with the Podfile.lock. Run 'pod install' or update your CocoaPods installation.\" >&2\n    exit 1\nfi\n# This output is used by Xcode 'outputs' to avoid re-running this script phase.\necho \"SUCCESS\" > \"${SCRIPT_OUTPUT_FILE_0}\"\n";
			showEnvVarsInLog = 0;
		};
/* End PBXShellScriptBuildPhase section */

/* Begin PBXSourcesBuildPhase section */
		F9BC4D1A25A54F7F0018EB80 /* Sources */ = {
			isa = PBXSourcesBuildPhase;
			buildActionMask = 2147483647;
			files = (
				F99CF50E25C8CC1800460B41 /* LoginViewController.swift in Sources */,
				F9C6687425C0026200E5E101 /* MovieQuoteDetailViewController.swift in Sources */,
				F9C6686525BFDC0100E5E101 /* MovieQuotesTabTableViewController.swift in Sources */,
				F9C6686A25BFDE6800E5E101 /* MovieQuote.swift in Sources */,
				F9BC4D2225A54F7F0018EB80 /* AppDelegate.swift in Sources */,
				F9BC4D2425A54F7F0018EB80 /* SceneDelegate.swift in Sources */,
			);
			runOnlyForDeploymentPostprocessing = 0;
		};
/* End PBXSourcesBuildPhase section */

/* Begin PBXVariantGroup section */
		F9BC4D2725A54F7F0018EB80 /* Main.storyboard */ = {
			isa = PBXVariantGroup;
			children = (
				F9BC4D2825A54F7F0018EB80 /* Base */,
			);
			name = Main.storyboard;
			sourceTree = "<group>";
		};
		F9BC4D2C25A54F820018EB80 /* LaunchScreen.storyboard */ = {
			isa = PBXVariantGroup;
			children = (
				F9BC4D2D25A54F820018EB80 /* Base */,
			);
			name = LaunchScreen.storyboard;
			sourceTree = "<group>";
		};
/* End PBXVariantGroup section */

/* Begin XCBuildConfiguration section */
		F9BC4D3025A54F820018EB80 /* Debug */ = {
			isa = XCBuildConfiguration;
			buildSettings = {
				ALWAYS_SEARCH_USER_PATHS = NO;
				CLANG_ANALYZER_NONNULL = YES;
				CLANG_ANALYZER_NUMBER_OBJECT_CONVERSION = YES_AGGRESSIVE;
				CLANG_CXX_LANGUAGE_STANDARD = "gnu++14";
				CLANG_CXX_LIBRARY = "libc++";
				CLANG_ENABLE_MODULES = YES;
				CLANG_ENABLE_OBJC_ARC = YES;
				CLANG_ENABLE_OBJC_WEAK = YES;
				CLANG_WARN_BLOCK_CAPTURE_AUTORELEASING = YES;
				CLANG_WARN_BOOL_CONVERSION = YES;
				CLANG_WARN_COMMA = YES;
				CLANG_WARN_CONSTANT_CONVERSION = YES;
				CLANG_WARN_DEPRECATED_OBJC_IMPLEMENTATIONS = YES;
				CLANG_WARN_DIRECT_OBJC_ISA_USAGE = YES_ERROR;
				CLANG_WARN_DOCUMENTATION_COMMENTS = YES;
				CLANG_WARN_EMPTY_BODY = YES;
				CLANG_WARN_ENUM_CONVERSION = YES;
				CLANG_WARN_INFINITE_RECURSION = YES;
				CLANG_WARN_INT_CONVERSION = YES;
				CLANG_WARN_NON_LITERAL_NULL_CONVERSION = YES;
				CLANG_WARN_OBJC_IMPLICIT_RETAIN_SELF = YES;
				CLANG_WARN_OBJC_LITERAL_CONVERSION = YES;
				CLANG_WARN_OBJC_ROOT_CLASS = YES_ERROR;
				CLANG_WARN_QUOTED_INCLUDE_IN_FRAMEWORK_HEADER = YES;
				CLANG_WARN_RANGE_LOOP_ANALYSIS = YES;
				CLANG_WARN_STRICT_PROTOTYPES = YES;
				CLANG_WARN_SUSPICIOUS_MOVE = YES;
				CLANG_WARN_UNGUARDED_AVAILABILITY = YES_AGGRESSIVE;
				CLANG_WARN_UNREACHABLE_CODE = YES;
				CLANG_WARN__DUPLICATE_METHOD_MATCH = YES;
				COPY_PHASE_STRIP = NO;
				DEBUG_INFORMATION_FORMAT = dwarf;
				ENABLE_STRICT_OBJC_MSGSEND = YES;
				ENABLE_TESTABILITY = YES;
				GCC_C_LANGUAGE_STANDARD = gnu11;
				GCC_DYNAMIC_NO_PIC = NO;
				GCC_NO_COMMON_BLOCKS = YES;
				GCC_OPTIMIZATION_LEVEL = 0;
				GCC_PREPROCESSOR_DEFINITIONS = (
					"DEBUG=1",
					"$(inherited)",
				);
				GCC_WARN_64_TO_32_BIT_CONVERSION = YES;
				GCC_WARN_ABOUT_RETURN_TYPE = YES_ERROR;
				GCC_WARN_UNDECLARED_SELECTOR = YES;
				GCC_WARN_UNINITIALIZED_AUTOS = YES_AGGRESSIVE;
				GCC_WARN_UNUSED_FUNCTION = YES;
				GCC_WARN_UNUSED_VARIABLE = YES;
				IPHONEOS_DEPLOYMENT_TARGET = 14.3;
				MTL_ENABLE_DEBUG_INFO = INCLUDE_SOURCE;
				MTL_FAST_MATH = YES;
				ONLY_ACTIVE_ARCH = YES;
				SDKROOT = iphoneos;
				SWIFT_ACTIVE_COMPILATION_CONDITIONS = DEBUG;
				SWIFT_OPTIMIZATION_LEVEL = "-Onone";
			};
			name = Debug;
		};
		F9BC4D3125A54F820018EB80 /* Release */ = {
			isa = XCBuildConfiguration;
			buildSettings = {
				ALWAYS_SEARCH_USER_PATHS = NO;
				CLANG_ANALYZER_NONNULL = YES;
				CLANG_ANALYZER_NUMBER_OBJECT_CONVERSION = YES_AGGRESSIVE;
				CLANG_CXX_LANGUAGE_STANDARD = "gnu++14";
				CLANG_CXX_LIBRARY = "libc++";
				CLANG_ENABLE_MODULES = YES;
				CLANG_ENABLE_OBJC_ARC = YES;
				CLANG_ENABLE_OBJC_WEAK = YES;
				CLANG_WARN_BLOCK_CAPTURE_AUTORELEASING = YES;
				CLANG_WARN_BOOL_CONVERSION = YES;
				CLANG_WARN_COMMA = YES;
				CLANG_WARN_CONSTANT_CONVERSION = YES;
				CLANG_WARN_DEPRECATED_OBJC_IMPLEMENTATIONS = YES;
				CLANG_WARN_DIRECT_OBJC_ISA_USAGE = YES_ERROR;
				CLANG_WARN_DOCUMENTATION_COMMENTS = YES;
				CLANG_WARN_EMPTY_BODY = YES;
				CLANG_WARN_ENUM_CONVERSION = YES;
				CLANG_WARN_INFINITE_RECURSION = YES;
				CLANG_WARN_INT_CONVERSION = YES;
				CLANG_WARN_NON_LITERAL_NULL_CONVERSION = YES;
				CLANG_WARN_OBJC_IMPLICIT_RETAIN_SELF = YES;
				CLANG_WARN_OBJC_LITERAL_CONVERSION = YES;
				CLANG_WARN_OBJC_ROOT_CLASS = YES_ERROR;
				CLANG_WARN_QUOTED_INCLUDE_IN_FRAMEWORK_HEADER = YES;
				CLANG_WARN_RANGE_LOOP_ANALYSIS = YES;
				CLANG_WARN_STRICT_PROTOTYPES = YES;
				CLANG_WARN_SUSPICIOUS_MOVE = YES;
				CLANG_WARN_UNGUARDED_AVAILABILITY = YES_AGGRESSIVE;
				CLANG_WARN_UNREACHABLE_CODE = YES;
				CLANG_WARN__DUPLICATE_METHOD_MATCH = YES;
				COPY_PHASE_STRIP = NO;
				DEBUG_INFORMATION_FORMAT = "dwarf-with-dsym";
				ENABLE_NS_ASSERTIONS = NO;
				ENABLE_STRICT_OBJC_MSGSEND = YES;
				GCC_C_LANGUAGE_STANDARD = gnu11;
				GCC_NO_COMMON_BLOCKS = YES;
				GCC_WARN_64_TO_32_BIT_CONVERSION = YES;
				GCC_WARN_ABOUT_RETURN_TYPE = YES_ERROR;
				GCC_WARN_UNDECLARED_SELECTOR = YES;
				GCC_WARN_UNINITIALIZED_AUTOS = YES_AGGRESSIVE;
				GCC_WARN_UNUSED_FUNCTION = YES;
				GCC_WARN_UNUSED_VARIABLE = YES;
				IPHONEOS_DEPLOYMENT_TARGET = 14.3;
				MTL_ENABLE_DEBUG_INFO = NO;
				MTL_FAST_MATH = YES;
				SDKROOT = iphoneos;
				SWIFT_COMPILATION_MODE = wholemodule;
				SWIFT_OPTIMIZATION_LEVEL = "-O";
				VALIDATE_PRODUCT = YES;
			};
			name = Release;
		};
		F9BC4D3325A54F820018EB80 /* Debug */ = {
			isa = XCBuildConfiguration;
			baseConfigurationReference = 4EB5856E4C0A352D24DF7D6A /* Pods-MovieQuotes.debug.xcconfig */;
			buildSettings = {
				ASSETCATALOG_COMPILER_APPICON_NAME = AppIcon;
				ASSETCATALOG_COMPILER_GLOBAL_ACCENT_COLOR_NAME = AccentColor;
				CODE_SIGN_STYLE = Automatic;
				INFOPLIST_FILE = MovieQuotes/Info.plist;
				LD_RUNPATH_SEARCH_PATHS = (
					"$(inherited)",
					"@executable_path/Frameworks",
				);
				PRODUCT_BUNDLE_IDENTIFIER = "edu.rose-hulman.sunh5.MovieQuotes";
				PRODUCT_NAME = "$(TARGET_NAME)";
				SWIFT_VERSION = 5.0;
				TARGETED_DEVICE_FAMILY = "1,2";
			};
			name = Debug;
		};
		F9BC4D3425A54F820018EB80 /* Release */ = {
			isa = XCBuildConfiguration;
			baseConfigurationReference = 451ACA0968D21888ABB832A2 /* Pods-MovieQuotes.release.xcconfig */;
			buildSettings = {
				ASSETCATALOG_COMPILER_APPICON_NAME = AppIcon;
				ASSETCATALOG_COMPILER_GLOBAL_ACCENT_COLOR_NAME = AccentColor;
				CODE_SIGN_STYLE = Automatic;
				INFOPLIST_FILE = MovieQuotes/Info.plist;
				LD_RUNPATH_SEARCH_PATHS = (
					"$(inherited)",
					"@executable_path/Frameworks",
				);
				PRODUCT_BUNDLE_IDENTIFIER = "edu.rose-hulman.sunh5.MovieQuotes";
				PRODUCT_NAME = "$(TARGET_NAME)";
				SWIFT_VERSION = 5.0;
				TARGETED_DEVICE_FAMILY = "1,2";
			};
			name = Release;
		};
/* End XCBuildConfiguration section */

/* Begin XCConfigurationList section */
		F9BC4D1925A54F7F0018EB80 /* Build configuration list for PBXProject "MovieQuotes" */ = {
			isa = XCConfigurationList;
			buildConfigurations = (
				F9BC4D3025A54F820018EB80 /* Debug */,
				F9BC4D3125A54F820018EB80 /* Release */,
			);
			defaultConfigurationIsVisible = 0;
			defaultConfigurationName = Release;
		};
		F9BC4D3225A54F820018EB80 /* Build configuration list for PBXNativeTarget "MovieQuotes" */ = {
			isa = XCConfigurationList;
			buildConfigurations = (
				F9BC4D3325A54F820018EB80 /* Debug */,
				F9BC4D3425A54F820018EB80 /* Release */,
			);
			defaultConfigurationIsVisible = 0;
			defaultConfigurationName = Release;
		};
/* End XCConfigurationList section */
	};
	rootObject = F9BC4D1625A54F7F0018EB80 /* Project object */;
}
